{
  "nodes": {
    "mecha-aedicule": {
      "inputs": {
        "nixpkgs": [
          "nixpkgs"
        ]
      },
      "locked": {
        "lastModified": 1784290635,
        "narHash": "sha256-uZPpQx2hwf9z1ypu05qtfbC30ZsF+K+c7FEKuE1IBDQ=",
        "owner": "pmarreck",
        "repo": "mecha-aedicule",
        "rev": "d68d9dc075616bb4930fd8fadc3c61f251d5bfc8",
        "type": "github"
      },
      "original": {
        "owner": "pmarreck",
        "ref": "yolo",
        "repo": "mecha-aedicule",
        "type": "github"
      }
    },
    "nixpkgs": {
      "locked": {
        "lastModified": 1784007870,
        "narHash": "sha256-djcLt/JJphyNt4eDY9XTly+/WbCK5lqWq9lSgCmJkkQ=",
        "owner": "NixOS",
        "repo": "nixpkgs",
        "rev": "18b9261cb3294b6d2a06d03f96872827b8fe2698",
        "type": "github"
      },
      "original": {
        "owner": "NixOS",
        "ref": "nixos-unstable",
        "repo": "nixpkgs",
        "type": "github"
      }
    },
    "root": {
      "inputs": {
        "mecha-aedicule": "mecha-aedicule",
        "nixpkgs": "nixpkgs"
      }
    }
  },
  "root": "root",
  "version": 7
}
